{
  "name": "yyl-sugar-webpack-plugin",
  "version": "0.1.0-beta1",
  "lockfileVersion": 1,
  "requires": true,
  "dependencies": {
    "tapable": {
      "version": "1.1.3",
      "resolved": "https://registry.npmjs.org/tapable/-/tapable-1.1.3.tgz",
      "integrity": "sha512-4WK/bYZmj8xLr+HUCODHGF1ZFzsYffasLUgEiMBY4fgtltdO6B4WJtlSbPaDTLpYTcGVwM2qLnFTICEcNxs3kA=="
    },
    "yyl-file-replacer": {
      "version": "0.5.0-beta1",
      "resolved": "https://registry.npmjs.org/yyl-file-replacer/-/yyl-file-replacer-0.5.0-beta1.tgz",
      "integrity": "sha512-u0m77t7zbhlxwIQp8B84TImhfUO4hk41ZnYYHw2PFN/zqcnylRu4qhKfU9olbRqeGzUpbt1RTmzUlRQmMfi50Q=="
    },
    "yyl-os": {
      "version": "0.10.2",
      "resolved": "https://registry.npmjs.org/yyl-os/-/yyl-os-0.10.2.tgz",
      "integrity": "sha512-Dd0Me1K1UAY9ey9SA15AM5YzBALgx9gpgser4LAXQ+5CpaUybxR3tf8dRFnPKAj1bFGhUuLbFkqdQoacyb79Mg==",
      "dev": true,
      "requires": {
        "yyl-util": "^2.3.5"
      }
    },
    "yyl-util": {
      "version": "2.3.7",
      "resolved": "https://registry.npmjs.org/yyl-util/-/yyl-util-2.3.7.tgz",
      "integrity": "sha512-NSMslwZwWwxWzM+yw1Zk6/Bua7RUinkv0FEj/sf4LYweal2qsw6sgQfKjumSzqkyPV2LNHQTAe8OHmwgnqRBkg=="
    }
  }
}
